PODS:
  - Bolts (1.6.0):
    - Bolts/AppLinks (= 1.6.0)
    - Bolts/Tasks (= 1.6.0)
  - Bolts/AppLinks (1.6.0):
    - Bolts/Tasks
  - Bolts/Tasks (1.6.0)
  - FBSDKCoreKit (4.9.1):
    - Bolts (~> 1.5)
  - FBSDKShareKit (4.9.1):
    - FBSDKCoreKit
  - GoogleMaps (1.11.1)
  - Localize-Swift (1.1)

DEPENDENCIES:
  - Bolts
  - FBSDKCoreKit
  - FBSDKShareKit
  - GoogleMaps
  - Localize-Swift (~> 1.1)

SPEC CHECKSUMS:
  Bolts: f52a250053bb517ca874523c3913776359ab3def
  FBSDKCoreKit: aee20b6d9855f15b618d4fddd1a5ad45f5a4a59d
  FBSDKShareKit: b8c8ef0ed173f9fc1b3c8df384a0202ce53008d4
  GoogleMaps: c947160008f414c66707a5ea60f35e92055c7670
  Localize-Swift: 72fab22c9c271a1041082fa3b53ca64e527ccf4a

PODFILE CHECKSUM: aec98a615d427a6a283eecc86f5fdff0e111c6e3

COCOAPODS: 1.0.0
